
Microsoft Visual Studio Solution File, Format Version 11.00
# Visual Studio 2010
Project("{8BC9CEB8-8B4A-11D0-8D11-00A0C91BC942}") = "R-Type", "R-Type\R-Type.vcxproj", "{017EF3E6-C9ED-4CFF-BD37-561040B5027B}"
EndProject
Global
	GlobalSection(SolutionConfigurationPlatforms) = preSolution
		Debug|Win32 = Debug|Win32
		Release|Win32 = Release|Win32
	EndGlobalSection
	GlobalSection(ProjectConfigurationPlatforms) = postSolution
		{017EF3E6-C9ED-4CFF-BD37-561040B5027B}.Debug|Win32.ActiveCfg = Debug|Win32
		{017EF3E6-C9ED-4CFF-BD37-561040B5027B}.Debug|Win32.Build.0 = Debug|Win32
		{017EF3E6-C9ED-4CFF-BD37-561040B5027B}.Release|Win32.ActiveCfg = Release|Win32
		{017EF3E6-C9ED-4CFF-BD37-561040B5027B}.Release|Win32.Build.0 = Release|Win32
	EndGlobalSection
	GlobalSection(SolutionProperties) = preSolution
		HideSolutionNode = FALSE
	EndGlobalSection
EndGlobal
